dependencies:
  idf:
    source:
      type: idf
    version: 5.5.2
  stormwater_lr1121:
    component_hash: 83371f7123dc2d38faf1035d2b6d7283e7264574e7cf3bbd0fa70f3592f9c428
    dependencies: []
    source:
      git: https://github.com/wrental/elon-stormwater-drone
      path: ctrlr/components/stormwater_lr1121/
      type: git
    version: ba1b1d0f6e9ee3cd0c01e0d82cd62509db9a98ce
direct_dependencies:
- idf
- stormwater_lr1121
manifest_hash: e5016211e686d8f32282ec5530eae69b40d746f4621dee360bbf4534753913eb
target: esp32s3
version: 2.0.0
