dependencies:
  idf:
    source:
      type: idf
    version: 5.5.2
  stormwater_lr1121:
    component_hash: e7db4feebedaccf4beb03d0cb7ae0e5c18c00a0cb72577655c09d59f1dfc27f0
    dependencies: []
    source:
      git: https://github.com/wrental/elon-stormwater-drone
      path: ctrlr/components/stormwater_lr1121/
      type: git
    version: 8d9d1217c7deff2e140a03ba5bf135e3f3da1390
direct_dependencies:
- idf
- stormwater_lr1121
manifest_hash: e5016211e686d8f32282ec5530eae69b40d746f4621dee360bbf4534753913eb
target: esp32s3
version: 2.0.0
