dependencies:
  idf:
    source:
      type: idf
    version: 5.5.2
  stormwater_lr1121:
    component_hash: 94abc351b9aba9391a33f388da02d409e8d3b8ca1b9454c1be1ed6a0b5199987
    dependencies: []
    source:
      git: https://github.com/wrental/elon-stormwater-drone
      path: ctrlr/components/stormwater_lr1121/
      type: git
    version: 2080141bdeebf066825da795aab040b62a3aad70
direct_dependencies:
- idf
- stormwater_lr1121
manifest_hash: e5016211e686d8f32282ec5530eae69b40d746f4621dee360bbf4534753913eb
target: esp32s3
version: 2.0.0
