dependencies:
  LR11XX_driver:
    component_hash: d490d7b7de67531dcbd56f7e0df9ae289727beffb9bf273ffc6389bf9fc25e17
    dependencies: []
    source:
      git: https://github.com/Lora-net/SWDR001
      path: .
      type: git
    version: f99fe41538e351c4c0d1975a4138532fe7869d65
  idf:
    source:
      type: idf
    version: 5.5.2
direct_dependencies:
- LR11XX_driver
- idf
manifest_hash: 920594303644bc7910b72204e5ba0595e712f38705734f468a79efb7d2509833
target: esp32s3
version: 2.0.0
