dependencies:
  idf:
    source:
      type: idf
    version: 5.5.2
  stormwater_lr1121:
    component_hash: 20a4b56450084c3fb9869cf592a91db17df925596a748bf58a1a7919fdfe94f7
    dependencies:
    - name: idf
      version: '>=4.1.0'
    - name: waveshare/esp_lora_1121
      version: '*'
    source:
      git: https://github.com/wrental/elon-stormwater-drone
      path: shared_components/stormwater_lr1121
      type: git
    version: 2569c51f40864fc82ca6b6aa4d7e41de80141a65
  waveshare/esp_lora_1121:
    component_hash: 77cc8d6f8c8386838c0ce9ca8e025cebc918ce9ff5eeb3606484f931bf0c0427
    dependencies:
    - name: idf
      require: private
      version: '>=5.3.0'
    source:
      registry_url: https://components.espressif.com/
      type: service
    version: 1.0.0
direct_dependencies:
- idf
- stormwater_lr1121
manifest_hash: 2e54b8e6934d99d4528209fe7984fd9cf872fe561cbec1871f16e5366947bfb1
target: esp32
version: 2.0.0
